
Microsoft Visual Studio Solution File, Format Version 12.00
# Visual Studio 15
VisualStudioVersion = 15.0.28307.421
MinimumVisualStudioVersion = 10.0.40219.1
Project("{9A19103F-16F7-4668-BE54-9A1E7A4F7556}") = "SystemMonitor.Core", "src\SystemMonitor.Core\SystemMonitor.Core.csproj", "{A78F347E-8079-4CC3-B4B3-47EE78BEE3B9}"
EndProject
Project("{9A19103F-16F7-4668-BE54-9A1E7A4F7556}") = "SystemMonitor.UnitTests", "test\SystemMonitor.UnitTests\SystemMonitor.UnitTests.csproj", "{57EA1FCB-F299-450B-B01B-96FC32754DB5}"
EndProject
Project("{FAE04EC0-301F-11D3-BF4B-00C04F79EFBC}") = "SystemMonitor.ConsoleRunner", "test\SystemMonitor.ConsoleRunner\SystemMonitor.ConsoleRunner.csproj", "{E0A9BF1B-CB6F-48A5-AD40-0F409D6E018F}"
EndProject
Project("{2150E333-8FDC-42A3-9474-1A3956D46DE8}") = "src", "src", "{8F910BAA-F50E-407D-876A-3AECD22C4D91}"
EndProject
Project("{2150E333-8FDC-42A3-9474-1A3956D46DE8}") = "test", "test", "{59628913-63B1-4AD1-AD58-5991B2279239}"
EndProject
Global
	GlobalSection(SolutionConfigurationPlatforms) = preSolution
		Debug|Any CPU = Debug|Any CPU
		Release|Any CPU = Release|Any CPU
	EndGlobalSection
	GlobalSection(ProjectConfigurationPlatforms) = postSolution
		{A78F347E-8079-4CC3-B4B3-47EE78BEE3B9}.Debug|Any CPU.ActiveCfg = Debug|Any CPU
		{A78F347E-8079-4CC3-B4B3-47EE78BEE3B9}.Debug|Any CPU.Build.0 = Debug|Any CPU
		{A78F347E-8079-4CC3-B4B3-47EE78BEE3B9}.Release|Any CPU.ActiveCfg = Release|Any CPU
		{A78F347E-8079-4CC3-B4B3-47EE78BEE3B9}.Release|Any CPU.Build.0 = Release|Any CPU
		{57EA1FCB-F299-450B-B01B-96FC32754DB5}.Debug|Any CPU.ActiveCfg = Debug|Any CPU
		{57EA1FCB-F299-450B-B01B-96FC32754DB5}.Debug|Any CPU.Build.0 = Debug|Any CPU
		{57EA1FCB-F299-450B-B01B-96FC32754DB5}.Release|Any CPU.ActiveCfg = Release|Any CPU
		{57EA1FCB-F299-450B-B01B-96FC32754DB5}.Release|Any CPU.Build.0 = Release|Any CPU
		{E0A9BF1B-CB6F-48A5-AD40-0F409D6E018F}.Debug|Any CPU.ActiveCfg = Debug|Any CPU
		{E0A9BF1B-CB6F-48A5-AD40-0F409D6E018F}.Debug|Any CPU.Build.0 = Debug|Any CPU
		{E0A9BF1B-CB6F-48A5-AD40-0F409D6E018F}.Release|Any CPU.ActiveCfg = Release|Any CPU
		{E0A9BF1B-CB6F-48A5-AD40-0F409D6E018F}.Release|Any CPU.Build.0 = Release|Any CPU
	EndGlobalSection
	GlobalSection(SolutionProperties) = preSolution
		HideSolutionNode = FALSE
	EndGlobalSection
	GlobalSection(NestedProjects) = preSolution
		{A78F347E-8079-4CC3-B4B3-47EE78BEE3B9} = {8F910BAA-F50E-407D-876A-3AECD22C4D91}
		{57EA1FCB-F299-450B-B01B-96FC32754DB5} = {59628913-63B1-4AD1-AD58-5991B2279239}
		{E0A9BF1B-CB6F-48A5-AD40-0F409D6E018F} = {59628913-63B1-4AD1-AD58-5991B2279239}
	EndGlobalSection
	GlobalSection(ExtensibilityGlobals) = postSolution
		SolutionGuid = {62579467-8624-4808-9DCB-045B0C13E936}
	EndGlobalSection
EndGlobal
